
Microsoft Visual Studio Solution File, Format Version 12.00
# Visual Studio Version 17
VisualStudioVersion = 17.11.35222.181
MinimumVisualStudioVersion = 10.0.40219.1
Project("{FAE04EC0-301F-11D3-BF4B-00C04F79EFBC}") = "Arke.ToDoList.API", "Arke.ToDoList.API\Arke.ToDoList.API.csproj", "{55982D03-1AC4-439B-B5F2-3C6A237C1576}"
EndProject
Global
	GlobalSection(SolutionConfigurationPlatforms) = preSolution
		Debug|Any CPU = Debug|Any CPU
		Release|Any CPU = Release|Any CPU
	EndGlobalSection
	GlobalSection(ProjectConfigurationPlatforms) = postSolution
		{55982D03-1AC4-439B-B5F2-3C6A237C1576}.Debug|Any CPU.ActiveCfg = Debug|Any CPU
		{55982D03-1AC4-439B-B5F2-3C6A237C1576}.Debug|Any CPU.Build.0 = Debug|Any CPU
		{55982D03-1AC4-439B-B5F2-3C6A237C1576}.Release|Any CPU.ActiveCfg = Release|Any CPU
		{55982D03-1AC4-439B-B5F2-3C6A237C1576}.Release|Any CPU.Build.0 = Release|Any CPU
	EndGlobalSection
	GlobalSection(SolutionProperties) = preSolution
		HideSolutionNode = FALSE
	EndGlobalSection
	GlobalSection(ExtensibilityGlobals) = postSolution
		SolutionGuid = {D05C0A2F-0965-4067-BA98-74C08344EFFD}
	EndGlobalSection
EndGlobal
